{
  "schemaVersion": 1,
  "pack": {
    "name": "21st-design-runtime",
    "version": "1.0.1",
    "source": "https://github.com/21st-dev/21st/tree/main/distribution/source"
  },
  "installations": [
    {
      "name": "21st-cli-use",
      "version": "1.0.1",
      "hash": "88ff054abb4334a5095462dd20b5c4ec214c9b99f3256eae60dadb384d136bca",
      "owner": "21st.dev",
      "license": "MIT",
      "source": "https://github.com/21st-dev/21st/tree/main/distribution/source",
      "scope": "project",
      "harness": "claude",
      "path": "C:\\saghf سقف\\.claude\\skills\\21st-cli-use\\SKILL.md",
      "bundledScripts": [],
      "capabilities": [],
      "external": false,
      "trust": "first-party",
      "installedAt": "2026-09-14T22:14:29.059Z"
    },
    {
      "name": "21st-cli-use",
      "version": "1.0.1",
      "hash": "88ff054abb4334a5095462dd20b5c4ec214c9b99f3256eae60dadb384d136bca",
      "owner": "21st.dev",
      "license": "MIT",
      "source": "https://github.com/21st-dev/21st/tree/main/distribution/source",
      "scope": "project",
      "harness": "cursor",
      "path": "C:\\saghf سقف\\.cursor\\skills\\21st-cli-use\\SKILL.md",
      "bundledScripts": [],
      "capabilities": [],
      "external": false,
      "trust": "first-party",
      "installedAt": "2026-09-14T22:14:29.097Z"
    },
    {
      "name": "21st-cli-use",
      "version": "1.0.1",
      "hash": "88ff054abb4334a5095462dd20b5c4ec214c9b99f3256eae60dadb384d136bca",
      "owner": "21st.dev",
      "license": "MIT",
      "source": "https://github.com/21st-dev/21st/tree/main/distribution/source",
      "scope": "project",
      "harness": "codex",
      "path": "C:\\saghf سقف\\.codex\\skills\\21st-cli-use\\SKILL.md",
      "bundledScripts": [],
      "capabilities": [],
      "external": false,
      "trust": "first-party",
      "installedAt": "2026-09-14T22:14:29.104Z"
    },
    {
      "name": "21st-ai",
      "version": "1.0.1",
      "hash": "229119802d835ec000e860186ffab60dac272b7aeb2ef2fd90d5f9780c786012",
      "owner": "21st.dev",
      "license": "MIT",
      "source": "https://github.com/21st-dev/21st/tree/main/distribution/source",
      "scope": "project",
      "harness": "claude",
      "path": "C:\\saghf سقف\\.claude\\skills\\21st-ai\\SKILL.md",
      "bundledScripts": [],
      "capabilities": [],
      "external": false,
      "trust": "first-party",
      "installedAt": "2026-09-14T22:14:29.108Z"
    },
    {
      "name": "21st-ai",
      "version": "1.0.1",
      "hash": "229119802d835ec000e860186ffab60dac272b7aeb2ef2fd90d5f9780c786012",
      "owner": "21st.dev",
      "license": "MIT",
      "source": "https://github.com/21st-dev/21st/tree/main/distribution/source",
      "scope": "project",
      "harness": "cursor",
      "path": "C:\\saghf سقف\\.cursor\\skills\\21st-ai\\SKILL.md",
      "bundledScripts": [],
      "capabilities": [],
      "external": false,
      "trust": "first-party",
      "installedAt": "2026-09-14T22:14:29.112Z"
    },
    {
      "name": "21st-ai",
      "version": "1.0.1",
      "hash": "229119802d835ec000e860186ffab60dac272b7aeb2ef2fd90d5f9780c786012",
      "owner": "21st.dev",
      "license": "MIT",
      "source": "https://github.com/21st-dev/21st/tree/main/distribution/source",
      "scope": "project",
      "harness": "codex",
      "path": "C:\\saghf سقف\\.codex\\skills\\21st-ai\\SKILL.md",
      "bundledScripts": [],
      "capabilities": [],
      "external": false,
      "trust": "first-party",
      "installedAt": "2026-09-14T22:14:29.115Z"
    },
    {
      "name": "21st-registry",
      "version": "1.0.0",
      "hash": "b1dd7ca00383b73d89bfa6b26e8bcd9724c8f03c83b2c66abd70bdae18a09b74",
      "owner": "21st.dev",
      "license": "MIT",
      "source": "https://github.com/21st-dev/21st/tree/main/distribution/source",
      "scope": "project",
      "harness": "claude",
      "path": "C:\\saghf سقف\\.claude\\skills\\21st-registry\\SKILL.md",
      "bundledScripts": [],
      "capabilities": [],
      "external": false,
      "trust": "first-party",
      "installedAt": "2026-09-14T22:14:29.123Z"
    },
    {
      "name": "21st-registry",
      "version": "1.0.0",
      "hash": "b1dd7ca00383b73d89bfa6b26e8bcd9724c8f03c83b2c66abd70bdae18a09b74",
      "owner": "21st.dev",
      "license": "MIT",
      "source": "https://github.com/21st-dev/21st/tree/main/distribution/source",
      "scope": "project",
      "harness": "cursor",
      "path": "C:\\saghf سقف\\.cursor\\skills\\21st-registry\\SKILL.md",
      "bundledScripts": [],
      "capabilities": [],
      "external": false,
      "trust": "first-party",
      "installedAt": "2026-09-14T22:14:29.125Z"
    },
    {
      "name": "21st-registry",
      "version": "1.0.0",
      "hash": "b1dd7ca00383b73d89bfa6b26e8bcd9724c8f03c83b2c66abd70bdae18a09b74",
      "owner": "21st.dev",
      "license": "MIT",
      "source": "https://github.com/21st-dev/21st/tree/main/distribution/source",
      "scope": "project",
      "harness": "codex",
      "path": "C:\\saghf سقف\\.codex\\skills\\21st-registry\\SKILL.md",
      "bundledScripts": [],
      "capabilities": [],
      "external": false,
      "trust": "first-party",
      "installedAt": "2026-09-14T22:14:29.131Z"
    },
    {
      "name": "21st-design-sync",
      "version": "1.0.0",
      "hash": "65cc94c842e066f69d8914af3dd94923545418b28e1fb23059473bff52bd0fe4",
      "owner": "21st.dev",
      "license": "MIT",
      "source": "https://github.com/21st-dev/21st/tree/main/distribution/source",
      "scope": "project",
      "harness": "claude",
      "path": "C:\\saghf سقف\\.claude\\skills\\21st-design-sync\\SKILL.md",
      "bundledScripts": [],
      "capabilities": [],
      "external": false,
      "trust": "first-party",
      "installedAt": "2026-09-14T22:14:29.139Z"
    },
    {
      "name": "21st-design-sync",
      "version": "1.0.0",
      "hash": "65cc94c842e066f69d8914af3dd94923545418b28e1fb23059473bff52bd0fe4",
      "owner": "21st.dev",
      "license": "MIT",
      "source": "https://github.com/21st-dev/21st/tree/main/distribution/source",
      "scope": "project",
      "harness": "cursor",
      "path": "C:\\saghf سقف\\.cursor\\skills\\21st-design-sync\\SKILL.md",
      "bundledScripts": [],
      "capabilities": [],
      "external": false,
      "trust": "first-party",
      "installedAt": "2026-09-14T22:14:29.152Z"
    },
    {
      "name": "21st-design-sync",
      "version": "1.0.0",
      "hash": "65cc94c842e066f69d8914af3dd94923545418b28e1fb23059473bff52bd0fe4",
      "owner": "21st.dev",
      "license": "MIT",
      "source": "https://github.com/21st-dev/21st/tree/main/distribution/source",
      "scope": "project",
      "harness": "codex",
      "path": "C:\\saghf سقف\\.codex\\skills\\21st-design-sync\\SKILL.md",
      "bundledScripts": [],
      "capabilities": [],
      "external": false,
      "trust": "first-party",
      "installedAt": "2026-09-14T22:14:29.161Z"
    },
    {
      "name": "21st-ui-build",
      "version": "1.0.1",
      "hash": "151dbc3e97289a4ba945438f6552c0f597a40d8b5b1dc5d917dd9a5b65389641",
      "owner": "21st.dev",
      "license": "MIT",
      "source": "https://github.com/21st-dev/21st/tree/main/distribution/source",
      "scope": "project",
      "harness": "claude",
      "path": "C:\\saghf سقف\\.claude\\skills\\21st-ui-build\\SKILL.md",
      "bundledScripts": [],
      "capabilities": [],
      "external": false,
      "trust": "first-party",
      "installedAt": "2026-09-14T22:14:29.169Z"
    },
    {
      "name": "21st-ui-build",
      "version": "1.0.1",
      "hash": "151dbc3e97289a4ba945438f6552c0f597a40d8b5b1dc5d917dd9a5b65389641",
      "owner": "21st.dev",
      "license": "MIT",
      "source": "https://github.com/21st-dev/21st/tree/main/distribution/source",
      "scope": "project",
      "harness": "cursor",
      "path": "C:\\saghf سقف\\.cursor\\skills\\21st-ui-build\\SKILL.md",
      "bundledScripts": [],
      "capabilities": [],
      "external": false,
      "trust": "first-party",
      "installedAt": "2026-09-14T22:14:29.172Z"
    },
    {
      "name": "21st-ui-build",
      "version": "1.0.1",
      "hash": "151dbc3e97289a4ba945438f6552c0f597a40d8b5b1dc5d917dd9a5b65389641",
      "owner": "21st.dev",
      "license": "MIT",
      "source": "https://github.com/21st-dev/21st/tree/main/distribution/source",
      "scope": "project",
      "harness": "codex",
      "path": "C:\\saghf سقف\\.codex\\skills\\21st-ui-build\\SKILL.md",
      "bundledScripts": [],
      "capabilities": [],
      "external": false,
      "trust": "first-party",
      "installedAt": "2026-09-14T22:14:29.204Z"
    },
    {
      "name": "21st-ui-explore",
      "version": "1.0.1",
      "hash": "1b94d8d00e7ae87c3737e37c2019cbdc680393ef17a96388e9845f541367f1ec",
      "owner": "21st.dev",
      "license": "MIT",
      "source": "https://github.com/21st-dev/21st/tree/main/distribution/source",
      "scope": "project",
      "harness": "claude",
      "path": "C:\\saghf سقف\\.claude\\skills\\21st-ui-explore\\SKILL.md",
      "bundledScripts": [],
      "capabilities": [],
      "external": false,
      "trust": "first-party",
      "installedAt": "2026-09-14T22:14:29.206Z"
    },
    {
      "name": "21st-ui-explore",
      "version": "1.0.1",
      "hash": "1b94d8d00e7ae87c3737e37c2019cbdc680393ef17a96388e9845f541367f1ec",
      "owner": "21st.dev",
      "license": "MIT",
      "source": "https://github.com/21st-dev/21st/tree/main/distribution/source",
      "scope": "project",
      "harness": "cursor",
      "path": "C:\\saghf سقف\\.cursor\\skills\\21st-ui-explore\\SKILL.md",
      "bundledScripts": [],
      "capabilities": [],
      "external": false,
      "trust": "first-party",
      "installedAt": "2026-09-14T22:14:29.214Z"
    },
    {
      "name": "21st-ui-explore",
      "version": "1.0.1",
      "hash": "1b94d8d00e7ae87c3737e37c2019cbdc680393ef17a96388e9845f541367f1ec",
      "owner": "21st.dev",
      "license": "MIT",
      "source": "https://github.com/21st-dev/21st/tree/main/distribution/source",
      "scope": "project",
      "harness": "codex",
      "path": "C:\\saghf سقف\\.codex\\skills\\21st-ui-explore\\SKILL.md",
      "bundledScripts": [],
      "capabilities": [],
      "external": false,
      "trust": "first-party",
      "installedAt": "2026-09-14T22:14:29.223Z"
    },
    {
      "name": "21st-ui-review",
      "version": "1.0.0",
      "hash": "78939e830bceb64b8e2d32f831b80472008d5d2e50b31c8a8f38af5e5a015088",
      "owner": "21st.dev",
      "license": "MIT",
      "source": "https://github.com/21st-dev/21st/tree/main/distribution/source",
      "scope": "project",
      "harness": "claude",
      "path": "C:\\saghf سقف\\.claude\\skills\\21st-ui-review\\SKILL.md",
      "bundledScripts": [],
      "capabilities": [],
      "external": false,
      "trust": "first-party",
      "installedAt": "2026-09-14T22:14:29.232Z"
    },
    {
      "name": "21st-ui-review",
      "version": "1.0.0",
      "hash": "78939e830bceb64b8e2d32f831b80472008d5d2e50b31c8a8f38af5e5a015088",
      "owner": "21st.dev",
      "license": "MIT",
      "source": "https://github.com/21st-dev/21st/tree/main/distribution/source",
      "scope": "project",
      "harness": "cursor",
      "path": "C:\\saghf سقف\\.cursor\\skills\\21st-ui-review\\SKILL.md",
      "bundledScripts": [],
      "capabilities": [],
      "external": false,
      "trust": "first-party",
      "installedAt": "2026-09-14T22:14:29.236Z"
    },
    {
      "name": "21st-ui-review",
      "version": "1.0.0",
      "hash": "78939e830bceb64b8e2d32f831b80472008d5d2e50b31c8a8f38af5e5a015088",
      "owner": "21st.dev",
      "license": "MIT",
      "source": "https://github.com/21st-dev/21st/tree/main/distribution/source",
      "scope": "project",
      "harness": "codex",
      "path": "C:\\saghf سقف\\.codex\\skills\\21st-ui-review\\SKILL.md",
      "bundledScripts": [],
      "capabilities": [],
      "external": false,
      "trust": "first-party",
      "installedAt": "2026-09-14T22:14:29.245Z"
    }
  ]
}
